
Microsoft Visual Studio Solution File, Format Version 12.00
# Visual Studio 15
VisualStudioVersion = 15.0.26124.0
MinimumVisualStudioVersion = 15.0.26124.0
Project("{FAE04EC0-301F-11D3-BF4B-00C04F79EFBC}") = "StockportGovUK.AspNetCore.Attributes.TokenAuthentication", "src\StockportGovUK.AspNetCore.Attributes.TokenAuthentication.csproj", "{FAC57B18-AAB5-4231-AC6F-44B93EBE758E}"
EndProject
Project("{FAE04EC0-301F-11D3-BF4B-00C04F79EFBC}") = "StockportGovUK.AspNetCore.Attributes.TokenAuthentication.Tests", "tests\StockportGovUK.AspNetCore.Attributes.TokenAuthentication.Tests.csproj", "{FADE56D4-49FB-4AC4-AB45-CC3E98BCD90E}"
EndProject
Global
	GlobalSection(SolutionConfigurationPlatforms) = preSolution
		Debug|Any CPU = Debug|Any CPU
		Debug|x64 = Debug|x64
		Debug|x86 = Debug|x86
		Release|Any CPU = Release|Any CPU
		Release|x64 = Release|x64
		Release|x86 = Release|x86
	EndGlobalSection
	GlobalSection(SolutionProperties) = preSolution
		HideSolutionNode = FALSE
	EndGlobalSection
	GlobalSection(ProjectConfigurationPlatforms) = postSolution
		{FAC57B18-AAB5-4231-AC6F-44B93EBE758E}.Debug|Any CPU.ActiveCfg = Debug|Any CPU
		{FAC57B18-AAB5-4231-AC6F-44B93EBE758E}.Debug|Any CPU.Build.0 = Debug|Any CPU
		{FAC57B18-AAB5-4231-AC6F-44B93EBE758E}.Debug|x64.ActiveCfg = Debug|Any CPU
		{FAC57B18-AAB5-4231-AC6F-44B93EBE758E}.Debug|x64.Build.0 = Debug|Any CPU
		{FAC57B18-AAB5-4231-AC6F-44B93EBE758E}.Debug|x86.ActiveCfg = Debug|Any CPU
		{FAC57B18-AAB5-4231-AC6F-44B93EBE758E}.Debug|x86.Build.0 = Debug|Any CPU
		{FAC57B18-AAB5-4231-AC6F-44B93EBE758E}.Release|Any CPU.ActiveCfg = Release|Any CPU
		{FAC57B18-AAB5-4231-AC6F-44B93EBE758E}.Release|Any CPU.Build.0 = Release|Any CPU
		{FAC57B18-AAB5-4231-AC6F-44B93EBE758E}.Release|x64.ActiveCfg = Release|Any CPU
		{FAC57B18-AAB5-4231-AC6F-44B93EBE758E}.Release|x64.Build.0 = Release|Any CPU
		{FAC57B18-AAB5-4231-AC6F-44B93EBE758E}.Release|x86.ActiveCfg = Release|Any CPU
		{FAC57B18-AAB5-4231-AC6F-44B93EBE758E}.Release|x86.Build.0 = Release|Any CPU
		{FADE56D4-49FB-4AC4-AB45-CC3E98BCD90E}.Debug|Any CPU.ActiveCfg = Debug|Any CPU
		{FADE56D4-49FB-4AC4-AB45-CC3E98BCD90E}.Debug|Any CPU.Build.0 = Debug|Any CPU
		{FADE56D4-49FB-4AC4-AB45-CC3E98BCD90E}.Debug|x64.ActiveCfg = Debug|Any CPU
		{FADE56D4-49FB-4AC4-AB45-CC3E98BCD90E}.Debug|x64.Build.0 = Debug|Any CPU
		{FADE56D4-49FB-4AC4-AB45-CC3E98BCD90E}.Debug|x86.ActiveCfg = Debug|Any CPU
		{FADE56D4-49FB-4AC4-AB45-CC3E98BCD90E}.Debug|x86.Build.0 = Debug|Any CPU
		{FADE56D4-49FB-4AC4-AB45-CC3E98BCD90E}.Release|Any CPU.ActiveCfg = Release|Any CPU
		{FADE56D4-49FB-4AC4-AB45-CC3E98BCD90E}.Release|Any CPU.Build.0 = Release|Any CPU
		{FADE56D4-49FB-4AC4-AB45-CC3E98BCD90E}.Release|x64.ActiveCfg = Release|Any CPU
		{FADE56D4-49FB-4AC4-AB45-CC3E98BCD90E}.Release|x64.Build.0 = Release|Any CPU
		{FADE56D4-49FB-4AC4-AB45-CC3E98BCD90E}.Release|x86.ActiveCfg = Release|Any CPU
		{FADE56D4-49FB-4AC4-AB45-CC3E98BCD90E}.Release|x86.Build.0 = Release|Any CPU
	EndGlobalSection
EndGlobal
